
Microsoft Visual Studio Solution File, Format Version 12.00
# Visual Studio Version 16
VisualStudioVersion = 16.0.31005.135
MinimumVisualStudioVersion = 10.0.40219.1
Project("{8BC9CEB8-8B4A-11D0-8D11-00A0C91BC942}") = "1", "1\1.vcxproj", "{EE84627C-16F8-49C1-9790-D81D0DD8EAAF}"
EndProject
Global
	GlobalSection(SolutionConfigurationPlatforms) = preSolution
		Debug|x64 = Debug|x64
		Debug|x86 = Debug|x86
		Release|x64 = Release|x64
		Release|x86 = Release|x86
	EndGlobalSection
	GlobalSection(ProjectConfigurationPlatforms) = postSolution
		{EE84627C-16F8-49C1-9790-D81D0DD8EAAF}.Debug|x64.ActiveCfg = Debug|x64
		{EE84627C-16F8-49C1-9790-D81D0DD8EAAF}.Debug|x64.Build.0 = Debug|x64
		{EE84627C-16F8-49C1-9790-D81D0DD8EAAF}.Debug|x86.ActiveCfg = Debug|Win32
		{EE84627C-16F8-49C1-9790-D81D0DD8EAAF}.Debug|x86.Build.0 = Debug|Win32
		{EE84627C-16F8-49C1-9790-D81D0DD8EAAF}.Release|x64.ActiveCfg = Release|x64
		{EE84627C-16F8-49C1-9790-D81D0DD8EAAF}.Release|x64.Build.0 = Release|x64
		{EE84627C-16F8-49C1-9790-D81D0DD8EAAF}.Release|x86.ActiveCfg = Release|Win32
		{EE84627C-16F8-49C1-9790-D81D0DD8EAAF}.Release|x86.Build.0 = Release|Win32
	EndGlobalSection
	GlobalSection(SolutionProperties) = preSolution
		HideSolutionNode = FALSE
	EndGlobalSection
	GlobalSection(ExtensibilityGlobals) = postSolution
		SolutionGuid = {63994621-DC1B-4F25-B074-FE5055351568}
	EndGlobalSection
EndGlobal
